# THIS IS AN AUTOGENERATED FILE. DO NOT EDIT THIS FILE DIRECTLY.
# yarn lockfile v1


"@alicloud/pop-core@^1.7.10":
  version "1.7.10"
  resolved "https://registry.npm.taobao.org/@alicloud/pop-core/download/@alicloud/pop-core-1.7.10.tgz#d0e221036dbb0ccde453dd09b1cfabd8341b7a69"
  integrity sha1-0OIhA227DM3kU90Jsc+r2DQbemk=
  dependencies:
    debug "^3.1.0"
    httpx "^2.1.2"
    json-bigint "^1.0.0"
    kitx "^1.2.1"
    xml2js "^0.4.17"

"@types/node@^14":
  version "14.17.12"
  resolved "https://registry.nlark.com/@types/node/download/@types/node-14.17.12.tgz#7a31f720b85a617e54e42d24c4ace136601656c7"
  integrity sha1-ejH3ILhaYX5U5C0kxKzhNmAWVsc=

bignumber.js@^9.0.0:
  version "9.0.1"
  resolved "https://registry.npm.taobao.org/bignumber.js/download/bignumber.js-9.0.1.tgz#8d7ba124c882bfd8e43260c67475518d0689e4e5"
  integrity sha1-jXuhJMiCv9jkMmDGdHVRjQaJ5OU=

debug@^3.1.0:
  version "3.2.7"
  resolved "https://registry.nlark.com/debug/download/debug-3.2.7.tgz?cache=0&sync_timestamp=1625374675284&other_urls=https%3A%2F%2Fregistry.nlark.com%2Fdebug%2Fdownload%2Fdebug-3.2.7.tgz#72580b7e9145fb39b6676f9c5e5fb100b934179a"
  integrity sha1-clgLfpFF+zm2Z2+cXl+xALk0F5o=
  dependencies:
    ms "^2.1.1"

debug@^4.1.1:
  version "4.3.2"
  resolved "https://registry.nlark.com/debug/download/debug-4.3.2.tgz?cache=0&sync_timestamp=1625374675284&other_urls=https%3A%2F%2Fregistry.nlark.com%2Fdebug%2Fdownload%2Fdebug-4.3.2.tgz#f0a49c18ac8779e31d4a0c6029dfb76873c7428b"
  integrity sha1-8KScGKyHeeMdSgxgKd+3aHPHQos=
  dependencies:
    ms "2.1.2"

httpx@^2.1.2:
  version "2.2.7"
  resolved "https://registry.npm.taobao.org/httpx/download/httpx-2.2.7.tgz?cache=0&other_urls=https%3A%2F%2Fregistry.npm.taobao.org%2Fhttpx%2Fdownload%2Fhttpx-2.2.7.tgz#1e34198146e32ca3305a66c11209559e1cbeba09"
  integrity sha1-HjQZgUbjLKMwWmbBEglVnhy+ugk=
  dependencies:
    "@types/node" "^14"
    debug "^4.1.1"

json-bigint@^1.0.0:
  version "1.0.0"
  resolved "https://registry.nlark.com/json-bigint/download/json-bigint-1.0.0.tgz#ae547823ac0cad8398667f8cd9ef4730f5b01ff1"
  integrity sha1-rlR4I6wMrYOYZn+M2e9HMPWwH/E=
  dependencies:
    bignumber.js "^9.0.0"

kitx@^1.2.1:
  version "1.3.0"
  resolved "https://registry.npm.taobao.org/kitx/download/kitx-1.3.0.tgz#ab3ee7c598d2b1d629fd55568f868c4440c200ea"
  integrity sha1-qz7nxZjSsdYp/VVWj4aMREDCAOo=

ms@2.1.2:
  version "2.1.2"
  resolved "https://registry.nlark.com/ms/download/ms-2.1.2.tgz#d09d1f357b443f493382a8eb3ccd183872ae6009"
  integrity sha1-0J0fNXtEP0kzgqjrPM0YOHKuYAk=

ms@^2.1.1:
  version "2.1.3"
  resolved "https://registry.nlark.com/ms/download/ms-2.1.3.tgz#574c8138ce1d2b5861f0b44579dbadd60c6615b2"
  integrity sha1-V0yBOM4dK1hh8LRFedut1gxmFbI=

sax@>=0.6.0:
  version "1.2.4"
  resolved "https://registry.nlark.com/sax/download/sax-1.2.4.tgz#2816234e2378bddc4e5354fab5caa895df7100d9"
  integrity sha1-KBYjTiN4vdxOU1T6tcqold9xANk=

xml2js@^0.4.17:
  version "0.4.23"
  resolved "https://registry.nlark.com/xml2js/download/xml2js-0.4.23.tgz#a0c69516752421eb2ac758ee4d4ccf58843eac66"
  integrity sha1-oMaVFnUkIesqx1juTUzPWIQ+rGY=
  dependencies:
    sax ">=0.6.0"
    xmlbuilder "~11.0.0"

xmlbuilder@~11.0.0:
  version "11.0.1"
  resolved "https://registry.npm.taobao.org/xmlbuilder/download/xmlbuilder-11.0.1.tgz#be9bae1c8a046e76b31127726347d0ad7002beb3"
  integrity sha1-vpuuHIoEbnazESdyY0fQrXACvrM=
